
Microsoft Visual Studio Solution File, Format Version 12.00
# Visual Studio Version 17
VisualStudioVersion = 17.9.34607.119
MinimumVisualStudioVersion = 10.0.40219.1
Project("{FAE04EC0-301F-11D3-BF4B-00C04F79EFBC}") = "Library", "Library\Library.csproj", "{0A4E5D6E-9659-4671-B408-5109747E207E}"
EndProject
Project("{FAE04EC0-301F-11D3-BF4B-00C04F79EFBC}") = "LibraryTests", "LibraryTests\LibraryTests.csproj", "{9B628CA1-3688-47B8-A9C0-E7B50A203FD0}"
EndProject
Global
	GlobalSection(SolutionConfigurationPlatforms) = preSolution
		Debug|Any CPU = Debug|Any CPU
		Release|Any CPU = Release|Any CPU
	EndGlobalSection
	GlobalSection(ProjectConfigurationPlatforms) = postSolution
		{0A4E5D6E-9659-4671-B408-5109747E207E}.Debug|Any CPU.ActiveCfg = Debug|Any CPU
		{0A4E5D6E-9659-4671-B408-5109747E207E}.Debug|Any CPU.Build.0 = Debug|Any CPU
		{0A4E5D6E-9659-4671-B408-5109747E207E}.Release|Any CPU.ActiveCfg = Release|Any CPU
		{0A4E5D6E-9659-4671-B408-5109747E207E}.Release|Any CPU.Build.0 = Release|Any CPU
		{9B628CA1-3688-47B8-A9C0-E7B50A203FD0}.Debug|Any CPU.ActiveCfg = Debug|Any CPU
		{9B628CA1-3688-47B8-A9C0-E7B50A203FD0}.Debug|Any CPU.Build.0 = Debug|Any CPU
		{9B628CA1-3688-47B8-A9C0-E7B50A203FD0}.Release|Any CPU.ActiveCfg = Release|Any CPU
		{9B628CA1-3688-47B8-A9C0-E7B50A203FD0}.Release|Any CPU.Build.0 = Release|Any CPU
	EndGlobalSection
	GlobalSection(SolutionProperties) = preSolution
		HideSolutionNode = FALSE
	EndGlobalSection
	GlobalSection(ExtensibilityGlobals) = postSolution
		SolutionGuid = {D764D038-F161-4438-880C-265F21EB8110}
	EndGlobalSection
EndGlobal
