
Microsoft Visual Studio Solution File, Format Version 12.00
# Visual Studio Version 16
VisualStudioVersion = 25.0.1705.6
MinimumVisualStudioVersion = 10.0.40219.1
Project("{FAE04EC0-301F-11D3-BF4B-00C04F79EFBC}") = "MyConsoleLibrary", "MyConsoleLibrary\MyConsoleLibrary.csproj", "{EC7DB6A7-9CBE-44A2-A74F-FCA38EEA5BF8}"
EndProject
Global
	GlobalSection(SolutionConfigurationPlatforms) = preSolution
		Debug|Any CPU = Debug|Any CPU
		Release|Any CPU = Release|Any CPU
	EndGlobalSection
	GlobalSection(ProjectConfigurationPlatforms) = postSolution
		{EC7DB6A7-9CBE-44A2-A74F-FCA38EEA5BF8}.Debug|Any CPU.ActiveCfg = Debug|Any CPU
		{EC7DB6A7-9CBE-44A2-A74F-FCA38EEA5BF8}.Debug|Any CPU.Build.0 = Debug|Any CPU
		{EC7DB6A7-9CBE-44A2-A74F-FCA38EEA5BF8}.Release|Any CPU.ActiveCfg = Release|Any CPU
		{EC7DB6A7-9CBE-44A2-A74F-FCA38EEA5BF8}.Release|Any CPU.Build.0 = Release|Any CPU
	EndGlobalSection
	GlobalSection(SolutionProperties) = preSolution
		HideSolutionNode = FALSE
	EndGlobalSection
	GlobalSection(ExtensibilityGlobals) = postSolution
		SolutionGuid = {A00DF930-4A9C-4BB8-BD37-166CA98957FF}
	EndGlobalSection
EndGlobal
